
Microsoft Visual Studio Solution File, Format Version 12.00
# Visual Studio Version 17
VisualStudioVersion = 17.14.36511.14 d17.14
MinimumVisualStudioVersion = 10.0.40219.1
Project("{FAE04EC0-301F-11D3-BF4B-00C04F79EFBC}") = "screenShot2", "screenShot2\screenShot2.csproj", "{D61BFB8C-F6F5-4DBC-BEE6-1582EE590CB7}"
EndProject
Global
	GlobalSection(SolutionConfigurationPlatforms) = preSolution
		Debug|Any CPU = Debug|Any CPU
		Release|Any CPU = Release|Any CPU
	EndGlobalSection
	GlobalSection(ProjectConfigurationPlatforms) = postSolution
		{D61BFB8C-F6F5-4DBC-BEE6-1582EE590CB7}.Debug|Any CPU.ActiveCfg = Debug|Any CPU
		{D61BFB8C-F6F5-4DBC-BEE6-1582EE590CB7}.Debug|Any CPU.Build.0 = Debug|Any CPU
		{D61BFB8C-F6F5-4DBC-BEE6-1582EE590CB7}.Release|Any CPU.ActiveCfg = Release|Any CPU
		{D61BFB8C-F6F5-4DBC-BEE6-1582EE590CB7}.Release|Any CPU.Build.0 = Release|Any CPU
	EndGlobalSection
	GlobalSection(SolutionProperties) = preSolution
		HideSolutionNode = FALSE
	EndGlobalSection
	GlobalSection(ExtensibilityGlobals) = postSolution
		SolutionGuid = {181CD8E7-FB2E-4C57-BB79-D66E9139E44E}
	EndGlobalSection
EndGlobal
